
Microsoft Visual Studio Solution File, Format Version 12.00
# Visual Studio Version 17
VisualStudioVersion = 17.0.32014.148
MinimumVisualStudioVersion = 10.0.40219.1
Project("{9A19103F-16F7-4668-BE54-9A1E7A4F7556}") = "LocalBot", "src\RavenBot\LocalBot.csproj", "{BFC65109-89FE-40D5-8834-09A27DE438F3}"
EndProject
Project("{9A19103F-16F7-4668-BE54-9A1E7A4F7556}") = "RavenBot.Core", "src\RavenBot.Core\RavenBot.Core.csproj", "{6F3FCC5D-89AD-4EC8-A27D-FAC1953E5B6F}"
EndProject
Project("{9A19103F-16F7-4668-BE54-9A1E7A4F7556}") = "RavenBot.Core.Ravenfall", "src\RavenBot.Core.Ravenfall\RavenBot.Core.Ravenfall.csproj", "{13994031-9F4C-447A-B466-4F4E6906948E}"
EndProject
Project("{2150E333-8FDC-42A3-9474-1A3956D46DE8}") = "Tests", "Tests", "{FD642811-2025-4BA9-B5D0-06578DE16C36}"
EndProject
Project("{2150E333-8FDC-42A3-9474-1A3956D46DE8}") = "Libs", "Libs", "{95C93DB5-0C0C-4A4C-ABD5-B5377B73A22C}"
EndProject
Project("{9A19103F-16F7-4668-BE54-9A1E7A4F7556}") = "ROBot.Core", "src\ROBot.Core\ROBot.Core.csproj", "{0F031BF8-3124-4366-A4CB-3352D42D94F2}"
EndProject
Project("{9A19103F-16F7-4668-BE54-9A1E7A4F7556}") = "ROBot", "src\ROBot\ROBot.csproj", "{2E76A51E-0DD0-43BC-8E0B-1171D9A97316}"
EndProject
Project("{9A19103F-16F7-4668-BE54-9A1E7A4F7556}") = "Shinobytes.Core", "src\Shinobytes.Ravenfall.Core\Shinobytes.Core.csproj", "{44B49434-E5EA-47D3-862C-76FB4FDF3597}"
EndProject
Project("{9A19103F-16F7-4668-BE54-9A1E7A4F7556}") = "Shinobytes.Network", "src\Shinobytes.Network\Shinobytes.Network.csproj", "{B1881613-C893-469D-B022-8EFC4C443B13}"
EndProject
Project("{9A19103F-16F7-4668-BE54-9A1E7A4F7556}") = "ROBot.Tests", "src\Tests\ROBot.Tests\ROBot.Tests.csproj", "{288DA2E1-9873-4D5C-949A-C0B6DB7DF49F}"
EndProject
Project("{9A19103F-16F7-4668-BE54-9A1E7A4F7556}") = "LocalBot.Linux", "src\LocalBot.Linux\LocalBot.Linux.csproj", "{E8FDE56B-ED08-4053-BF2F-60153A2F5609}"
EndProject
Project("{D954291E-2A0B-460D-934E-DC6B0785DB48}") = "LocalBot.Shared", "src\LocalBot.Shared\LocalBot.Shared.shproj", "{89E229B2-9D14-4500-A2AE-246319917B25}"
EndProject
Project("{2150E333-8FDC-42A3-9474-1A3956D46DE8}") = "Solution Items", "Solution Items", "{64A12867-B97E-47C8-8746-B2585D15E127}"
	ProjectSection(SolutionItems) = preProject
		.editorconfig = .editorconfig
	EndProjectSection
EndProject
Global
	GlobalSection(SolutionConfigurationPlatforms) = preSolution
		Debug|Any CPU = Debug|Any CPU
		Debug|x64 = Debug|x64
		Release|Any CPU = Release|Any CPU
		Release|x64 = Release|x64
	EndGlobalSection
	GlobalSection(ProjectConfigurationPlatforms) = postSolution
		{BFC65109-89FE-40D5-8834-09A27DE438F3}.Debug|Any CPU.ActiveCfg = Debug|Any CPU
		{BFC65109-89FE-40D5-8834-09A27DE438F3}.Debug|Any CPU.Build.0 = Debug|Any CPU
		{BFC65109-89FE-40D5-8834-09A27DE438F3}.Debug|x64.ActiveCfg = Debug|Any CPU
		{BFC65109-89FE-40D5-8834-09A27DE438F3}.Debug|x64.Build.0 = Debug|Any CPU
		{BFC65109-89FE-40D5-8834-09A27DE438F3}.Release|Any CPU.ActiveCfg = Release|Any CPU
		{BFC65109-89FE-40D5-8834-09A27DE438F3}.Release|Any CPU.Build.0 = Release|Any CPU
		{BFC65109-89FE-40D5-8834-09A27DE438F3}.Release|x64.ActiveCfg = Release|Any CPU
		{BFC65109-89FE-40D5-8834-09A27DE438F3}.Release|x64.Build.0 = Release|Any CPU
		{6F3FCC5D-89AD-4EC8-A27D-FAC1953E5B6F}.Debug|Any CPU.ActiveCfg = Debug|Any CPU
		{6F3FCC5D-89AD-4EC8-A27D-FAC1953E5B6F}.Debug|Any CPU.Build.0 = Debug|Any CPU
		{6F3FCC5D-89AD-4EC8-A27D-FAC1953E5B6F}.Debug|x64.ActiveCfg = Debug|Any CPU
		{6F3FCC5D-89AD-4EC8-A27D-FAC1953E5B6F}.Debug|x64.Build.0 = Debug|Any CPU
		{6F3FCC5D-89AD-4EC8-A27D-FAC1953E5B6F}.Release|Any CPU.ActiveCfg = Release|Any CPU
		{6F3FCC5D-89AD-4EC8-A27D-FAC1953E5B6F}.Release|Any CPU.Build.0 = Release|Any CPU
		{6F3FCC5D-89AD-4EC8-A27D-FAC1953E5B6F}.Release|x64.ActiveCfg = Release|Any CPU
		{6F3FCC5D-89AD-4EC8-A27D-FAC1953E5B6F}.Release|x64.Build.0 = Release|Any CPU
		{13994031-9F4C-447A-B466-4F4E6906948E}.Debug|Any CPU.ActiveCfg = Debug|Any CPU
		{13994031-9F4C-447A-B466-4F4E6906948E}.Debug|Any CPU.Build.0 = Debug|Any CPU
		{13994031-9F4C-447A-B466-4F4E6906948E}.Debug|x64.ActiveCfg = Debug|Any CPU
		{13994031-9F4C-447A-B466-4F4E6906948E}.Debug|x64.Build.0 = Debug|Any CPU
		{13994031-9F4C-447A-B466-4F4E6906948E}.Release|Any CPU.ActiveCfg = Release|Any CPU
		{13994031-9F4C-447A-B466-4F4E6906948E}.Release|Any CPU.Build.0 = Release|Any CPU
		{13994031-9F4C-447A-B466-4F4E6906948E}.Release|x64.ActiveCfg = Release|Any CPU
		{13994031-9F4C-447A-B466-4F4E6906948E}.Release|x64.Build.0 = Release|Any CPU
		{0F031BF8-3124-4366-A4CB-3352D42D94F2}.Debug|Any CPU.ActiveCfg = Debug|Any CPU
		{0F031BF8-3124-4366-A4CB-3352D42D94F2}.Debug|Any CPU.Build.0 = Debug|Any CPU
		{0F031BF8-3124-4366-A4CB-3352D42D94F2}.Debug|x64.ActiveCfg = Debug|Any CPU
		{0F031BF8-3124-4366-A4CB-3352D42D94F2}.Debug|x64.Build.0 = Debug|Any CPU
		{0F031BF8-3124-4366-A4CB-3352D42D94F2}.Release|Any CPU.ActiveCfg = Release|Any CPU
		{0F031BF8-3124-4366-A4CB-3352D42D94F2}.Release|Any CPU.Build.0 = Release|Any CPU
		{0F031BF8-3124-4366-A4CB-3352D42D94F2}.Release|x64.ActiveCfg = Release|Any CPU
		{0F031BF8-3124-4366-A4CB-3352D42D94F2}.Release|x64.Build.0 = Release|Any CPU
		{2E76A51E-0DD0-43BC-8E0B-1171D9A97316}.Debug|Any CPU.ActiveCfg = Debug|Any CPU
		{2E76A51E-0DD0-43BC-8E0B-1171D9A97316}.Debug|Any CPU.Build.0 = Debug|Any CPU
		{2E76A51E-0DD0-43BC-8E0B-1171D9A97316}.Debug|x64.ActiveCfg = Debug|Any CPU
		{2E76A51E-0DD0-43BC-8E0B-1171D9A97316}.Debug|x64.Build.0 = Debug|Any CPU
		{2E76A51E-0DD0-43BC-8E0B-1171D9A97316}.Release|Any CPU.ActiveCfg = Release|Any CPU
		{2E76A51E-0DD0-43BC-8E0B-1171D9A97316}.Release|Any CPU.Build.0 = Release|Any CPU
		{2E76A51E-0DD0-43BC-8E0B-1171D9A97316}.Release|x64.ActiveCfg = Release|Any CPU
		{2E76A51E-0DD0-43BC-8E0B-1171D9A97316}.Release|x64.Build.0 = Release|Any CPU
		{44B49434-E5EA-47D3-862C-76FB4FDF3597}.Debug|Any CPU.ActiveCfg = Debug|Any CPU
		{44B49434-E5EA-47D3-862C-76FB4FDF3597}.Debug|Any CPU.Build.0 = Debug|Any CPU
		{44B49434-E5EA-47D3-862C-76FB4FDF3597}.Debug|x64.ActiveCfg = Debug|Any CPU
		{44B49434-E5EA-47D3-862C-76FB4FDF3597}.Debug|x64.Build.0 = Debug|Any CPU
		{44B49434-E5EA-47D3-862C-76FB4FDF3597}.Release|Any CPU.ActiveCfg = Release|Any CPU
		{44B49434-E5EA-47D3-862C-76FB4FDF3597}.Release|Any CPU.Build.0 = Release|Any CPU
		{44B49434-E5EA-47D3-862C-76FB4FDF3597}.Release|x64.ActiveCfg = Release|Any CPU
		{44B49434-E5EA-47D3-862C-76FB4FDF3597}.Release|x64.Build.0 = Release|Any CPU
		{B1881613-C893-469D-B022-8EFC4C443B13}.Debug|Any CPU.ActiveCfg = Debug|Any CPU
		{B1881613-C893-469D-B022-8EFC4C443B13}.Debug|Any CPU.Build.0 = Debug|Any CPU
		{B1881613-C893-469D-B022-8EFC4C443B13}.Debug|x64.ActiveCfg = Debug|Any CPU
		{B1881613-C893-469D-B022-8EFC4C443B13}.Debug|x64.Build.0 = Debug|Any CPU
		{B1881613-C893-469D-B022-8EFC4C443B13}.Release|Any CPU.ActiveCfg = Release|Any CPU
		{B1881613-C893-469D-B022-8EFC4C443B13}.Release|Any CPU.Build.0 = Release|Any CPU
		{B1881613-C893-469D-B022-8EFC4C443B13}.Release|x64.ActiveCfg = Release|Any CPU
		{B1881613-C893-469D-B022-8EFC4C443B13}.Release|x64.Build.0 = Release|Any CPU
		{288DA2E1-9873-4D5C-949A-C0B6DB7DF49F}.Debug|Any CPU.ActiveCfg = Debug|Any CPU
		{288DA2E1-9873-4D5C-949A-C0B6DB7DF49F}.Debug|Any CPU.Build.0 = Debug|Any CPU
		{288DA2E1-9873-4D5C-949A-C0B6DB7DF49F}.Debug|x64.ActiveCfg = Debug|Any CPU
		{288DA2E1-9873-4D5C-949A-C0B6DB7DF49F}.Debug|x64.Build.0 = Debug|Any CPU
		{288DA2E1-9873-4D5C-949A-C0B6DB7DF49F}.Release|Any CPU.ActiveCfg = Release|Any CPU
		{288DA2E1-9873-4D5C-949A-C0B6DB7DF49F}.Release|Any CPU.Build.0 = Release|Any CPU
		{288DA2E1-9873-4D5C-949A-C0B6DB7DF49F}.Release|x64.ActiveCfg = Release|Any CPU
		{288DA2E1-9873-4D5C-949A-C0B6DB7DF49F}.Release|x64.Build.0 = Release|Any CPU
		{E8FDE56B-ED08-4053-BF2F-60153A2F5609}.Debug|Any CPU.ActiveCfg = Debug|Any CPU
		{E8FDE56B-ED08-4053-BF2F-60153A2F5609}.Debug|Any CPU.Build.0 = Debug|Any CPU
		{E8FDE56B-ED08-4053-BF2F-60153A2F5609}.Debug|x64.ActiveCfg = Debug|Any CPU
		{E8FDE56B-ED08-4053-BF2F-60153A2F5609}.Debug|x64.Build.0 = Debug|Any CPU
		{E8FDE56B-ED08-4053-BF2F-60153A2F5609}.Release|Any CPU.ActiveCfg = Release|Any CPU
		{E8FDE56B-ED08-4053-BF2F-60153A2F5609}.Release|Any CPU.Build.0 = Release|Any CPU
		{E8FDE56B-ED08-4053-BF2F-60153A2F5609}.Release|x64.ActiveCfg = Release|Any CPU
		{E8FDE56B-ED08-4053-BF2F-60153A2F5609}.Release|x64.Build.0 = Release|Any CPU
	EndGlobalSection
	GlobalSection(SolutionProperties) = preSolution
		HideSolutionNode = FALSE
	EndGlobalSection
	GlobalSection(NestedProjects) = preSolution
		{6F3FCC5D-89AD-4EC8-A27D-FAC1953E5B6F} = {95C93DB5-0C0C-4A4C-ABD5-B5377B73A22C}
		{13994031-9F4C-447A-B466-4F4E6906948E} = {95C93DB5-0C0C-4A4C-ABD5-B5377B73A22C}
		{0F031BF8-3124-4366-A4CB-3352D42D94F2} = {95C93DB5-0C0C-4A4C-ABD5-B5377B73A22C}
		{44B49434-E5EA-47D3-862C-76FB4FDF3597} = {95C93DB5-0C0C-4A4C-ABD5-B5377B73A22C}
		{B1881613-C893-469D-B022-8EFC4C443B13} = {95C93DB5-0C0C-4A4C-ABD5-B5377B73A22C}
		{288DA2E1-9873-4D5C-949A-C0B6DB7DF49F} = {FD642811-2025-4BA9-B5D0-06578DE16C36}
	EndGlobalSection
	GlobalSection(ExtensibilityGlobals) = postSolution
		SolutionGuid = {7ACE9C06-C6C2-490E-9DCF-292B46D496EF}
	EndGlobalSection
	GlobalSection(SharedMSBuildProjectFiles) = preSolution
		src\LocalBot.Shared\LocalBot.Shared.projitems*{89e229b2-9d14-4500-a2ae-246319917b25}*SharedItemsImports = 13
		src\LocalBot.Shared\LocalBot.Shared.projitems*{bfc65109-89fe-40d5-8834-09a27de438f3}*SharedItemsImports = 5
		src\LocalBot.Shared\LocalBot.Shared.projitems*{e8fde56b-ed08-4053-bf2f-60153a2f5609}*SharedItemsImports = 5
	EndGlobalSection
EndGlobal
